// !$*UTF8*$!
{
	archiveVersion = 1;
	classes = {
	};
	objectVersion = 56;
	objects = {

/* Begin PBXBuildFile section */
		D065F24E2BF293E90025DF0B /* LoginMainViewController.swift in Sources */ = {isa = PBXBuildFile; fileRef = D065F24D2BF293E90025DF0B /* LoginMainViewController.swift */; };
		D065F2532BF2941A0025DF0B /* LoginMainView.swift in Sources */ = {isa = PBXBuildFile; fileRef = D065F2522BF2941A0025DF0B /* LoginMainView.swift */; };
		D065F2592BF29CDD0025DF0B /* LoginRetryView.swift in Sources */ = {isa = PBXBuildFile; fileRef = D065F2582BF29CDD0025DF0B /* LoginRetryView.swift */; };
		D065F25B2BF29CEC0025DF0B /* LoginRetryViewController.swift in Sources */ = {isa = PBXBuildFile; fileRef = D065F25A2BF29CEC0025DF0B /* LoginRetryViewController.swift */; };
		D065F25E2BF39E2B0025DF0B /* WelcomeView.swift in Sources */ = {isa = PBXBuildFile; fileRef = D065F25D2BF39E2B0025DF0B /* WelcomeView.swift */; };
		D065F2622BF39E570025DF0B /* WelcomeViewController.swift in Sources */ = {isa = PBXBuildFile; fileRef = D065F2612BF39E570025DF0B /* WelcomeViewController.swift */; };
		D065F2672BF3A45E0025DF0B /* LicenseInfoViewController.swift in Sources */ = {isa = PBXBuildFile; fileRef = D065F2662BF3A45E0025DF0B /* LicenseInfoViewController.swift */; };
		D065F2692BF3A4720025DF0B /* LicenseInfoView.swift in Sources */ = {isa = PBXBuildFile; fileRef = D065F2682BF3A4720025DF0B /* LicenseInfoView.swift */; };
		D0B882E02BEB645700633FD8 /* AppDelegate.swift in Sources */ = {isa = PBXBuildFile; fileRef = D0B882DF2BEB645700633FD8 /* AppDelegate.swift */; };
		D0B882E22BEB645700633FD8 /* SceneDelegate.swift in Sources */ = {isa = PBXBuildFile; fileRef = D0B882E12BEB645700633FD8 /* SceneDelegate.swift */; };
		D0B882E42BEB645700633FD8 /* ViewController.swift in Sources */ = {isa = PBXBuildFile; fileRef = D0B882E32BEB645700633FD8 /* ViewController.swift */; };
		D0B882E72BEB645700633FD8 /* Base in Resources */ = {isa = PBXBuildFile; fileRef = D0B882E62BEB645700633FD8 /* Base */; };
		D0B882E92BEB645900633FD8 /* Assets.xcassets in Resources */ = {isa = PBXBuildFile; fileRef = D0B882E82BEB645900633FD8 /* Assets.xcassets */; };
		D0B882EC2BEB645900633FD8 /* Base in Resources */ = {isa = PBXBuildFile; fileRef = D0B882EB2BEB645900633FD8 /* Base */; };
		D0B882F52BEB6D3100633FD8 /* SnapKit in Frameworks */ = {isa = PBXBuildFile; productRef = D0B882F42BEB6D3100633FD8 /* SnapKit */; };
		D0B882F82BEB6D3D00633FD8 /* Then in Frameworks */ = {isa = PBXBuildFile; productRef = D0B882F72BEB6D3D00633FD8 /* Then */; };
		D0B882FB2BEB6D4600633FD8 /* Kingfisher in Frameworks */ = {isa = PBXBuildFile; productRef = D0B882FA2BEB6D4600633FD8 /* Kingfisher */; };
		D0B882FE2BEB6DB200633FD8 /* Moya in Frameworks */ = {isa = PBXBuildFile; productRef = D0B882FD2BEB6DB200633FD8 /* Moya */; };
		D0B8830A2BEB70ED00633FD8 /* UIView+.swift in Sources */ = {isa = PBXBuildFile; fileRef = D0B883092BEB70ED00633FD8 /* UIView+.swift */; };
		D0B8830C2BEB714A00633FD8 /* UIStackView+.swift in Sources */ = {isa = PBXBuildFile; fileRef = D0B8830B2BEB714A00633FD8 /* UIStackView+.swift */; };
		D0B8830E2BEB716300633FD8 /* UIButton+.swift in Sources */ = {isa = PBXBuildFile; fileRef = D0B8830D2BEB716300633FD8 /* UIButton+.swift */; };
		D0B883112BEB71A700633FD8 /* UITextField+.swift in Sources */ = {isa = PBXBuildFile; fileRef = D0B883102BEB71A700633FD8 /* UITextField+.swift */; };
		D0B883152BEB71F300633FD8 /* UIViewController+.swift in Sources */ = {isa = PBXBuildFile; fileRef = D0B883142BEB71F300633FD8 /* UIViewController+.swift */; };
		D0B883172BEB76BF00633FD8 /* UILabel+.swift in Sources */ = {isa = PBXBuildFile; fileRef = D0B883162BEB76BF00633FD8 /* UILabel+.swift */; };
		D0B8831D2BEB813000633FD8 /* Pretendard-Bold.otf in Resources */ = {isa = PBXBuildFile; fileRef = D0B883192BEB812F00633FD8 /* Pretendard-Bold.otf */; };
		D0B8831E2BEB813000633FD8 /* Pretendard-SemiBold.otf in Resources */ = {isa = PBXBuildFile; fileRef = D0B8831A2BEB812F00633FD8 /* Pretendard-SemiBold.otf */; };
		D0B8831F2BEB813000633FD8 /* Pretendard-Medium.otf in Resources */ = {isa = PBXBuildFile; fileRef = D0B8831B2BEB812F00633FD8 /* Pretendard-Medium.otf */; };
		D0B883202BEB813000633FD8 /* Pretendard-ExtraBold.otf in Resources */ = {isa = PBXBuildFile; fileRef = D0B8831C2BEB813000633FD8 /* Pretendard-ExtraBold.otf */; };
		D0B883232BEB81F400633FD8 /* FontLiterals.swift in Sources */ = {isa = PBXBuildFile; fileRef = D0B883222BEB81F400633FD8 /* FontLiterals.swift */; };
		D0B883252BEB91B900633FD8 /* ColorLiterals.swift in Sources */ = {isa = PBXBuildFile; fileRef = D0B883242BEB91B900633FD8 /* ColorLiterals.swift */; };
/* End PBXBuildFile section */

/* Begin PBXFileReference section */
		D065F24D2BF293E90025DF0B /* LoginMainViewController.swift */ = {isa = PBXFileReference; lastKnownFileType = sourcecode.swift; path = LoginMainViewController.swift; sourceTree = "<group>"; };
		D065F2522BF2941A0025DF0B /* LoginMainView.swift */ = {isa = PBXFileReference; lastKnownFileType = sourcecode.swift; path = LoginMainView.swift; sourceTree = "<group>"; };
		D065F2582BF29CDD0025DF0B /* LoginRetryView.swift */ = {isa = PBXFileReference; lastKnownFileType = sourcecode.swift; path = LoginRetryView.swift; sourceTree = "<group>"; };
		D065F25A2BF29CEC0025DF0B /* LoginRetryViewController.swift */ = {isa = PBXFileReference; lastKnownFileType = sourcecode.swift; path = LoginRetryViewController.swift; sourceTree = "<group>"; };
		D065F25D2BF39E2B0025DF0B /* WelcomeView.swift */ = {isa = PBXFileReference; lastKnownFileType = sourcecode.swift; path = WelcomeView.swift; sourceTree = "<group>"; };
		D065F2612BF39E570025DF0B /* WelcomeViewController.swift */ = {isa = PBXFileReference; lastKnownFileType = sourcecode.swift; path = WelcomeViewController.swift; sourceTree = "<group>"; };
		D065F2662BF3A45E0025DF0B /* LicenseInfoViewController.swift */ = {isa = PBXFileReference; lastKnownFileType = sourcecode.swift; path = LicenseInfoViewController.swift; sourceTree = "<group>"; };
		D065F2682BF3A4720025DF0B /* LicenseInfoView.swift */ = {isa = PBXFileReference; lastKnownFileType = sourcecode.swift; path = LicenseInfoView.swift; sourceTree = "<group>"; };
		D0B882DC2BEB645700633FD8 /* Lawing-iOS.app */ = {isa = PBXFileReference; explicitFileType = wrapper.application; includeInIndex = 0; path = "Lawing-iOS.app"; sourceTree = BUILT_PRODUCTS_DIR; };
		D0B882DF2BEB645700633FD8 /* AppDelegate.swift */ = {isa = PBXFileReference; lastKnownFileType = sourcecode.swift; path = AppDelegate.swift; sourceTree = "<group>"; };
		D0B882E12BEB645700633FD8 /* SceneDelegate.swift */ = {isa = PBXFileReference; lastKnownFileType = sourcecode.swift; path = SceneDelegate.swift; sourceTree = "<group>"; };
		D0B882E32BEB645700633FD8 /* ViewController.swift */ = {isa = PBXFileReference; lastKnownFileType = sourcecode.swift; path = ViewController.swift; sourceTree = "<group>"; };
		D0B882E62BEB645700633FD8 /* Base */ = {isa = PBXFileReference; lastKnownFileType = file.storyboard; name = Base; path = Base.lproj/Main.storyboard; sourceTree = "<group>"; };
		D0B882E82BEB645900633FD8 /* Assets.xcassets */ = {isa = PBXFileReference; lastKnownFileType = folder.assetcatalog; path = Assets.xcassets; sourceTree = "<group>"; };
		D0B882EB2BEB645900633FD8 /* Base */ = {isa = PBXFileReference; lastKnownFileType = file.storyboard; name = Base; path = Base.lproj/LaunchScreen.storyboard; sourceTree = "<group>"; };
		D0B882ED2BEB645900633FD8 /* Info.plist */ = {isa = PBXFileReference; lastKnownFileType = text.plist.xml; path = Info.plist; sourceTree = "<group>"; };
		D0B883092BEB70ED00633FD8 /* UIView+.swift */ = {isa = PBXFileReference; lastKnownFileType = sourcecode.swift; path = "UIView+.swift"; sourceTree = "<group>"; };
		D0B8830B2BEB714A00633FD8 /* UIStackView+.swift */ = {isa = PBXFileReference; lastKnownFileType = sourcecode.swift; path = "UIStackView+.swift"; sourceTree = "<group>"; };
		D0B8830D2BEB716300633FD8 /* UIButton+.swift */ = {isa = PBXFileReference; lastKnownFileType = sourcecode.swift; path = "UIButton+.swift"; sourceTree = "<group>"; };
		D0B883102BEB71A700633FD8 /* UITextField+.swift */ = {isa = PBXFileReference; lastKnownFileType = sourcecode.swift; path = "UITextField+.swift"; sourceTree = "<group>"; };
		D0B883142BEB71F300633FD8 /* UIViewController+.swift */ = {isa = PBXFileReference; lastKnownFileType = sourcecode.swift; path = "UIViewController+.swift"; sourceTree = "<group>"; };
		D0B883162BEB76BF00633FD8 /* UILabel+.swift */ = {isa = PBXFileReference; lastKnownFileType = sourcecode.swift; path = "UILabel+.swift"; sourceTree = "<group>"; };
		D0B883192BEB812F00633FD8 /* Pretendard-Bold.otf */ = {isa = PBXFileReference; lastKnownFileType = file; path = "Pretendard-Bold.otf"; sourceTree = "<group>"; };
		D0B8831A2BEB812F00633FD8 /* Pretendard-SemiBold.otf */ = {isa = PBXFileReference; lastKnownFileType = file; path = "Pretendard-SemiBold.otf"; sourceTree = "<group>"; };
		D0B8831B2BEB812F00633FD8 /* Pretendard-Medium.otf */ = {isa = PBXFileReference; lastKnownFileType = file; path = "Pretendard-Medium.otf"; sourceTree = "<group>"; };
		D0B8831C2BEB813000633FD8 /* Pretendard-ExtraBold.otf */ = {isa = PBXFileReference; lastKnownFileType = file; path = "Pretendard-ExtraBold.otf"; sourceTree = "<group>"; };
		D0B883222BEB81F400633FD8 /* FontLiterals.swift */ = {isa = PBXFileReference; lastKnownFileType = sourcecode.swift; path = FontLiterals.swift; sourceTree = "<group>"; };
		D0B883242BEB91B900633FD8 /* ColorLiterals.swift */ = {isa = PBXFileReference; lastKnownFileType = sourcecode.swift; path = ColorLiterals.swift; sourceTree = "<group>"; };
/* End PBXFileReference section */

/* Begin PBXFrameworksBuildPhase section */
		D0B882D92BEB645700633FD8 /* Frameworks */ = {
			isa = PBXFrameworksBuildPhase;
			buildActionMask = 2147483647;
			files = (
				D0B882FB2BEB6D4600633FD8 /* Kingfisher in Frameworks */,
				D0B882F52BEB6D3100633FD8 /* SnapKit in Frameworks */,
				D0B882FE2BEB6DB200633FD8 /* Moya in Frameworks */,
				D0B882F82BEB6D3D00633FD8 /* Then in Frameworks */,
			);
			runOnlyForDeploymentPostprocessing = 0;
		};
/* End PBXFrameworksBuildPhase section */

/* Begin PBXGroup section */
		D065F24F2BF293EE0025DF0B /* ViewController */ = {
			isa = PBXGroup;
			children = (
				D065F24D2BF293E90025DF0B /* LoginMainViewController.swift */,
			);
			path = ViewController;
			sourceTree = "<group>";
		};
		D065F2502BF293FB0025DF0B /* View */ = {
			isa = PBXGroup;
			children = (
				D065F2522BF2941A0025DF0B /* LoginMainView.swift */,
			);
			path = View;
			sourceTree = "<group>";
		};
		D065F2542BF29B770025DF0B /* LoginMain */ = {
			isa = PBXGroup;
			children = (
				D065F2502BF293FB0025DF0B /* View */,
				D065F24F2BF293EE0025DF0B /* ViewController */,
			);
			path = LoginMain;
			sourceTree = "<group>";
		};
		D065F2552BF29C7E0025DF0B /* LoginRetry */ = {
			isa = PBXGroup;
			children = (
				D065F2572BF29CCC0025DF0B /* View */,
				D065F2562BF29CC40025DF0B /* ViewController */,
			);
			path = LoginRetry;
			sourceTree = "<group>";
		};
		D065F2562BF29CC40025DF0B /* ViewController */ = {
			isa = PBXGroup;
			children = (
				D065F25A2BF29CEC0025DF0B /* LoginRetryViewController.swift */,
			);
			path = ViewController;
			sourceTree = "<group>";
		};
		D065F2572BF29CCC0025DF0B /* View */ = {
			isa = PBXGroup;
			children = (
				D065F2582BF29CDD0025DF0B /* LoginRetryView.swift */,
			);
			path = View;
			sourceTree = "<group>";
		};
		D065F25C2BF39D980025DF0B /* Welcome */ = {
			isa = PBXGroup;
			children = (
				D065F2602BF39E430025DF0B /* View */,
				D065F25F2BF39E370025DF0B /* ViewController */,
			);
			path = Welcome;
			sourceTree = "<group>";
		};
		D065F25F2BF39E370025DF0B /* ViewController */ = {
			isa = PBXGroup;
			children = (
				D065F2612BF39E570025DF0B /* WelcomeViewController.swift */,
			);
			path = ViewController;
			sourceTree = "<group>";
		};
		D065F2602BF39E430025DF0B /* View */ = {
			isa = PBXGroup;
			children = (
				D065F25D2BF39E2B0025DF0B /* WelcomeView.swift */,
			);
			path = View;
			sourceTree = "<group>";
		};
		D065F2632BF3A4220025DF0B /* LicenseInfoModal */ = {
			isa = PBXGroup;
			children = (
				D065F2652BF3A4490025DF0B /* View */,
				D065F2642BF3A43C0025DF0B /* ViewController */,
			);
			path = LicenseInfoModal;
			sourceTree = "<group>";
		};
		D065F2642BF3A43C0025DF0B /* ViewController */ = {
			isa = PBXGroup;
			children = (
				D065F2662BF3A45E0025DF0B /* LicenseInfoViewController.swift */,
			);
			path = ViewController;
			sourceTree = "<group>";
		};
		D065F2652BF3A4490025DF0B /* View */ = {
			isa = PBXGroup;
			children = (
				D065F2682BF3A4720025DF0B /* LicenseInfoView.swift */,
			);
			path = View;
			sourceTree = "<group>";
		};
		D0B882D32BEB645700633FD8 = {
			isa = PBXGroup;
			children = (
				D0B882DE2BEB645700633FD8 /* Lawing-iOS */,
				D0B882DD2BEB645700633FD8 /* Products */,
			);
			sourceTree = "<group>";
		};
		D0B882DD2BEB645700633FD8 /* Products */ = {
			isa = PBXGroup;
			children = (
				D0B882DC2BEB645700633FD8 /* Lawing-iOS.app */,
			);
			name = Products;
			sourceTree = "<group>";
		};
		D0B882DE2BEB645700633FD8 /* Lawing-iOS */ = {
			isa = PBXGroup;
			children = (
				D0B882FF2BEB6EB900633FD8 /* Application */,
				D0B883002BEB6ED100633FD8 /* Network */,
				D0B883012BEB6EDC00633FD8 /* Global */,
				D0B883032BEB6F4100633FD8 /* Screen */,
			);
			path = "Lawing-iOS";
			sourceTree = "<group>";
		};
		D0B882FF2BEB6EB900633FD8 /* Application */ = {
			isa = PBXGroup;
			children = (
				D0B882DF2BEB645700633FD8 /* AppDelegate.swift */,
				D0B882E12BEB645700633FD8 /* SceneDelegate.swift */,
			);
			path = Application;
			sourceTree = "<group>";
		};
		D0B883002BEB6ED100633FD8 /* Network */ = {
			isa = PBXGroup;
			children = (
			);
			path = Network;
			sourceTree = "<group>";
		};
		D0B883012BEB6EDC00633FD8 /* Global */ = {
			isa = PBXGroup;
			children = (
				D0B883212BEB81D800633FD8 /* Consts */,
				D0B883022BEB6F0800633FD8 /* Resources */,
				D0B883052BEB6FE900633FD8 /* Extensions */,
				D0B883042BEB6F6300633FD8 /* Supporting Files */,
			);
			path = Global;
			sourceTree = "<group>";
		};
		D0B883022BEB6F0800633FD8 /* Resources */ = {
			isa = PBXGroup;
			children = (
				D0B883182BEB810B00633FD8 /* Font */,
				D0B882E82BEB645900633FD8 /* Assets.xcassets */,
				D0B882E52BEB645700633FD8 /* Main.storyboard */,
				D0B882EA2BEB645900633FD8 /* LaunchScreen.storyboard */,
			);
			path = Resources;
			sourceTree = "<group>";
		};
		D0B883032BEB6F4100633FD8 /* Screen */ = {
			isa = PBXGroup;
			children = (
				D0B882E32BEB645700633FD8 /* ViewController.swift */,
				D0B883062BEB702B00633FD8 /* Login */,
				D0B883072BEB703400633FD8 /* Join */,
				D065F2632BF3A4220025DF0B /* LicenseInfoModal */,
				D0B883082BEB704600633FD8 /* Main */,
			);
			path = Screen;
			sourceTree = "<group>";
		};
		D0B883042BEB6F6300633FD8 /* Supporting Files */ = {
			isa = PBXGroup;
			children = (
				D0B882ED2BEB645900633FD8 /* Info.plist */,
			);
			path = "Supporting Files";
			sourceTree = "<group>";
		};
		D0B883052BEB6FE900633FD8 /* Extensions */ = {
			isa = PBXGroup;
			children = (
				D0B883142BEB71F300633FD8 /* UIViewController+.swift */,
				D0B883092BEB70ED00633FD8 /* UIView+.swift */,
				D0B8830B2BEB714A00633FD8 /* UIStackView+.swift */,
				D0B8830D2BEB716300633FD8 /* UIButton+.swift */,
				D0B883102BEB71A700633FD8 /* UITextField+.swift */,
				D0B883162BEB76BF00633FD8 /* UILabel+.swift */,
			);
			path = Extensions;
			sourceTree = "<group>";
		};
		D0B883062BEB702B00633FD8 /* Login */ = {
			isa = PBXGroup;
			children = (
				D065F2542BF29B770025DF0B /* LoginMain */,
				D065F2552BF29C7E0025DF0B /* LoginRetry */,
			);
			path = Login;
			sourceTree = "<group>";
		};
		D0B883072BEB703400633FD8 /* Join */ = {
			isa = PBXGroup;
			children = (
				D065F25C2BF39D980025DF0B /* Welcome */,
			);
			path = Join;
			sourceTree = "<group>";
		};
		D0B883082BEB704600633FD8 /* Main */ = {
			isa = PBXGroup;
			children = (
			);
			path = Main;
			sourceTree = "<group>";
		};
		D0B883182BEB810B00633FD8 /* Font */ = {
			isa = PBXGroup;
			children = (
				D0B8831C2BEB813000633FD8 /* Pretendard-ExtraBold.otf */,
				D0B883192BEB812F00633FD8 /* Pretendard-Bold.otf */,
				D0B8831A2BEB812F00633FD8 /* Pretendard-SemiBold.otf */,
				D0B8831B2BEB812F00633FD8 /* Pretendard-Medium.otf */,
			);
			path = Font;
			sourceTree = "<group>";
		};
		D0B883212BEB81D800633FD8 /* Consts */ = {
			isa = PBXGroup;
			children = (
				D0B883222BEB81F400633FD8 /* FontLiterals.swift */,
				D0B883242BEB91B900633FD8 /* ColorLiterals.swift */,
			);
			path = Consts;
			sourceTree = "<group>";
		};
/* End PBXGroup section */

/* Begin PBXNativeTarget section */
		D0B882DB2BEB645700633FD8 /* Lawing-iOS */ = {
			isa = PBXNativeTarget;
			buildConfigurationList = D0B882F02BEB645900633FD8 /* Build configuration list for PBXNativeTarget "Lawing-iOS" */;
			buildPhases = (
				D0B882D82BEB645700633FD8 /* Sources */,
				D0B882D92BEB645700633FD8 /* Frameworks */,
				D0B882DA2BEB645700633FD8 /* Resources */,
			);
			buildRules = (
			);
			dependencies = (
			);
			name = "Lawing-iOS";
			packageProductDependencies = (
				D0B882F42BEB6D3100633FD8 /* SnapKit */,
				D0B882F72BEB6D3D00633FD8 /* Then */,
				D0B882FA2BEB6D4600633FD8 /* Kingfisher */,
				D0B882FD2BEB6DB200633FD8 /* Moya */,
			);
			productName = "Lawing-iOS";
			productReference = D0B882DC2BEB645700633FD8 /* Lawing-iOS.app */;
			productType = "com.apple.product-type.application";
		};
/* End PBXNativeTarget section */

/* Begin PBXProject section */
		D0B882D42BEB645700633FD8 /* Project object */ = {
			isa = PBXProject;
			attributes = {
				BuildIndependentTargetsInParallel = 1;
				LastSwiftUpdateCheck = 1530;
				LastUpgradeCheck = 1530;
				TargetAttributes = {
					D0B882DB2BEB645700633FD8 = {
						CreatedOnToolsVersion = 15.3;
					};
				};
			};
			buildConfigurationList = D0B882D72BEB645700633FD8 /* Build configuration list for PBXProject "Lawing-iOS" */;
			compatibilityVersion = "Xcode 14.0";
			developmentRegion = en;
			hasScannedForEncodings = 0;
			knownRegions = (
				en,
				Base,
			);
			mainGroup = D0B882D32BEB645700633FD8;
			packageReferences = (
				D0B882F32BEB6D3000633FD8 /* XCRemoteSwiftPackageReference "SnapKit" */,
				D0B882F62BEB6D3D00633FD8 /* XCRemoteSwiftPackageReference "Then" */,
				D0B882F92BEB6D4600633FD8 /* XCRemoteSwiftPackageReference "Kingfisher" */,
				D0B882FC2BEB6DB200633FD8 /* XCRemoteSwiftPackageReference "Moya" */,
			);
			productRefGroup = D0B882DD2BEB645700633FD8 /* Products */;
			projectDirPath = "";
			projectRoot = "";
			targets = (
				D0B882DB2BEB645700633FD8 /* Lawing-iOS */,
			);
		};
/* End PBXProject section */

/* Begin PBXResourcesBuildPhase section */
		D0B882DA2BEB645700633FD8 /* Resources */ = {
			isa = PBXResourcesBuildPhase;
			buildActionMask = 2147483647;
			files = (
				D0B882E92BEB645900633FD8 /* Assets.xcassets in Resources */,
				D0B8831D2BEB813000633FD8 /* Pretendard-Bold.otf in Resources */,
				D0B883202BEB813000633FD8 /* Pretendard-ExtraBold.otf in Resources */,
				D0B8831E2BEB813000633FD8 /* Pretendard-SemiBold.otf in Resources */,
				D0B882EC2BEB645900633FD8 /* Base in Resources */,
				D0B882E72BEB645700633FD8 /* Base in Resources */,
				D0B8831F2BEB813000633FD8 /* Pretendard-Medium.otf in Resources */,
			);
			runOnlyForDeploymentPostprocessing = 0;
		};
/* End PBXResourcesBuildPhase section */

/* Begin PBXSourcesBuildPhase section */
		D0B882D82BEB645700633FD8 /* Sources */ = {
			isa = PBXSourcesBuildPhase;
			buildActionMask = 2147483647;
			files = (
				D065F24E2BF293E90025DF0B /* LoginMainViewController.swift in Sources */,
				D0B883232BEB81F400633FD8 /* FontLiterals.swift in Sources */,
				D0B883172BEB76BF00633FD8 /* UILabel+.swift in Sources */,
				D065F25E2BF39E2B0025DF0B /* WelcomeView.swift in Sources */,
				D065F2592BF29CDD0025DF0B /* LoginRetryView.swift in Sources */,
				D065F2622BF39E570025DF0B /* WelcomeViewController.swift in Sources */,
				D065F2672BF3A45E0025DF0B /* LicenseInfoViewController.swift in Sources */,
				D0B8830C2BEB714A00633FD8 /* UIStackView+.swift in Sources */,
				D065F25B2BF29CEC0025DF0B /* LoginRetryViewController.swift in Sources */,
				D0B8830E2BEB716300633FD8 /* UIButton+.swift in Sources */,
				D0B883152BEB71F300633FD8 /* UIViewController+.swift in Sources */,
				D0B883112BEB71A700633FD8 /* UITextField+.swift in Sources */,
				D065F2692BF3A4720025DF0B /* LicenseInfoView.swift in Sources */,
				D0B8830A2BEB70ED00633FD8 /* UIView+.swift in Sources */,
				D0B882E42BEB645700633FD8 /* ViewController.swift in Sources */,
				D0B882E02BEB645700633FD8 /* AppDelegate.swift in Sources */,
				D065F2532BF2941A0025DF0B /* LoginMainView.swift in Sources */,
				D0B882E22BEB645700633FD8 /* SceneDelegate.swift in Sources */,
				D0B883252BEB91B900633FD8 /* ColorLiterals.swift in Sources */,
			);
			runOnlyForDeploymentPostprocessing = 0;
		};
/* End PBXSourcesBuildPhase section */

/* Begin PBXVariantGroup section */
		D0B882E52BEB645700633FD8 /* Main.storyboard */ = {
			isa = PBXVariantGroup;
			children = (
				D0B882E62BEB645700633FD8 /* Base */,
			);
			name = Main.storyboard;
			sourceTree = "<group>";
		};
		D0B882EA2BEB645900633FD8 /* LaunchScreen.storyboard */ = {
			isa = PBXVariantGroup;
			children = (
				D0B882EB2BEB645900633FD8 /* Base */,
			);
			name = LaunchScreen.storyboard;
			sourceTree = "<group>";
		};
/* End PBXVariantGroup section */

/* Begin XCBuildConfiguration section */
		D0B882EE2BEB645900633FD8 /* Debug */ = {
			isa = XCBuildConfiguration;
			buildSettings = {
				ALWAYS_SEARCH_USER_PATHS = NO;
				ASSETCATALOG_COMPILER_GENERATE_SWIFT_ASSET_SYMBOL_EXTENSIONS = YES;
				CLANG_ANALYZER_NONNULL = YES;
				CLANG_ANALYZER_NUMBER_OBJECT_CONVERSION = YES_AGGRESSIVE;
				CLANG_CXX_LANGUAGE_STANDARD = "gnu++20";
				CLANG_ENABLE_MODULES = YES;
				CLANG_ENABLE_OBJC_ARC = YES;
				CLANG_ENABLE_OBJC_WEAK = YES;
				CLANG_WARN_BLOCK_CAPTURE_AUTORELEASING = YES;
				CLANG_WARN_BOOL_CONVERSION = YES;
				CLANG_WARN_COMMA = YES;
				CLANG_WARN_CONSTANT_CONVERSION = YES;
				CLANG_WARN_DEPRECATED_OBJC_IMPLEMENTATIONS = YES;
				CLANG_WARN_DIRECT_OBJC_ISA_USAGE = YES_ERROR;
				CLANG_WARN_DOCUMENTATION_COMMENTS = YES;
				CLANG_WARN_EMPTY_BODY = YES;
				CLANG_WARN_ENUM_CONVERSION = YES;
				CLANG_WARN_INFINITE_RECURSION = YES;
				CLANG_WARN_INT_CONVERSION = YES;
				CLANG_WARN_NON_LITERAL_NULL_CONVERSION = YES;
				CLANG_WARN_OBJC_IMPLICIT_RETAIN_SELF = YES;
				CLANG_WARN_OBJC_LITERAL_CONVERSION = YES;
				CLANG_WARN_OBJC_ROOT_CLASS = YES_ERROR;
				CLANG_WARN_QUOTED_INCLUDE_IN_FRAMEWORK_HEADER = YES;
				CLANG_WARN_RANGE_LOOP_ANALYSIS = YES;
				CLANG_WARN_STRICT_PROTOTYPES = YES;
				CLANG_WARN_SUSPICIOUS_MOVE = YES;
				CLANG_WARN_UNGUARDED_AVAILABILITY = YES_AGGRESSIVE;
				CLANG_WARN_UNREACHABLE_CODE = YES;
				CLANG_WARN__DUPLICATE_METHOD_MATCH = YES;
				COPY_PHASE_STRIP = NO;
				DEBUG_INFORMATION_FORMAT = dwarf;
				ENABLE_STRICT_OBJC_MSGSEND = YES;
				ENABLE_TESTABILITY = YES;
				ENABLE_USER_SCRIPT_SANDBOXING = YES;
				GCC_C_LANGUAGE_STANDARD = gnu17;
				GCC_DYNAMIC_NO_PIC = NO;
				GCC_NO_COMMON_BLOCKS = YES;
				GCC_OPTIMIZATION_LEVEL = 0;
				GCC_PREPROCESSOR_DEFINITIONS = (
					"DEBUG=1",
					"$(inherited)",
				);
				GCC_WARN_64_TO_32_BIT_CONVERSION = YES;
				GCC_WARN_ABOUT_RETURN_TYPE = YES_ERROR;
				GCC_WARN_UNDECLARED_SELECTOR = YES;
				GCC_WARN_UNINITIALIZED_AUTOS = YES_AGGRESSIVE;
				GCC_WARN_UNUSED_FUNCTION = YES;
				GCC_WARN_UNUSED_VARIABLE = YES;
				IPHONEOS_DEPLOYMENT_TARGET = 17.4;
				LOCALIZATION_PREFERS_STRING_CATALOGS = YES;
				MTL_ENABLE_DEBUG_INFO = INCLUDE_SOURCE;
				MTL_FAST_MATH = YES;
				ONLY_ACTIVE_ARCH = YES;
				SDKROOT = iphoneos;
				SWIFT_ACTIVE_COMPILATION_CONDITIONS = "DEBUG $(inherited)";
				SWIFT_OPTIMIZATION_LEVEL = "-Onone";
			};
			name = Debug;
		};
		D0B882EF2BEB645900633FD8 /* Release */ = {
			isa = XCBuildConfiguration;
			buildSettings = {
				ALWAYS_SEARCH_USER_PATHS = NO;
				ASSETCATALOG_COMPILER_GENERATE_SWIFT_ASSET_SYMBOL_EXTENSIONS = YES;
				CLANG_ANALYZER_NONNULL = YES;
				CLANG_ANALYZER_NUMBER_OBJECT_CONVERSION = YES_AGGRESSIVE;
				CLANG_CXX_LANGUAGE_STANDARD = "gnu++20";
				CLANG_ENABLE_MODULES = YES;
				CLANG_ENABLE_OBJC_ARC = YES;
				CLANG_ENABLE_OBJC_WEAK = YES;
				CLANG_WARN_BLOCK_CAPTURE_AUTORELEASING = YES;
				CLANG_WARN_BOOL_CONVERSION = YES;
				CLANG_WARN_COMMA = YES;
				CLANG_WARN_CONSTANT_CONVERSION = YES;
				CLANG_WARN_DEPRECATED_OBJC_IMPLEMENTATIONS = YES;
				CLANG_WARN_DIRECT_OBJC_ISA_USAGE = YES_ERROR;
				CLANG_WARN_DOCUMENTATION_COMMENTS = YES;
				CLANG_WARN_EMPTY_BODY = YES;
				CLANG_WARN_ENUM_CONVERSION = YES;
				CLANG_WARN_INFINITE_RECURSION = YES;
				CLANG_WARN_INT_CONVERSION = YES;
				CLANG_WARN_NON_LITERAL_NULL_CONVERSION = YES;
				CLANG_WARN_OBJC_IMPLICIT_RETAIN_SELF = YES;
				CLANG_WARN_OBJC_LITERAL_CONVERSION = YES;
				CLANG_WARN_OBJC_ROOT_CLASS = YES_ERROR;
				CLANG_WARN_QUOTED_INCLUDE_IN_FRAMEWORK_HEADER = YES;
				CLANG_WARN_RANGE_LOOP_ANALYSIS = YES;
				CLANG_WARN_STRICT_PROTOTYPES = YES;
				CLANG_WARN_SUSPICIOUS_MOVE = YES;
				CLANG_WARN_UNGUARDED_AVAILABILITY = YES_AGGRESSIVE;
				CLANG_WARN_UNREACHABLE_CODE = YES;
				CLANG_WARN__DUPLICATE_METHOD_MATCH = YES;
				COPY_PHASE_STRIP = NO;
				DEBUG_INFORMATION_FORMAT = "dwarf-with-dsym";
				ENABLE_NS_ASSERTIONS = NO;
				ENABLE_STRICT_OBJC_MSGSEND = YES;
				ENABLE_USER_SCRIPT_SANDBOXING = YES;
				GCC_C_LANGUAGE_STANDARD = gnu17;
				GCC_NO_COMMON_BLOCKS = YES;
				GCC_WARN_64_TO_32_BIT_CONVERSION = YES;
				GCC_WARN_ABOUT_RETURN_TYPE = YES_ERROR;
				GCC_WARN_UNDECLARED_SELECTOR = YES;
				GCC_WARN_UNINITIALIZED_AUTOS = YES_AGGRESSIVE;
				GCC_WARN_UNUSED_FUNCTION = YES;
				GCC_WARN_UNUSED_VARIABLE = YES;
				IPHONEOS_DEPLOYMENT_TARGET = 17.4;
				LOCALIZATION_PREFERS_STRING_CATALOGS = YES;
				MTL_ENABLE_DEBUG_INFO = NO;
				MTL_FAST_MATH = YES;
				SDKROOT = iphoneos;
				SWIFT_COMPILATION_MODE = wholemodule;
				VALIDATE_PRODUCT = YES;
			};
			name = Release;
		};
		D0B882F12BEB645900633FD8 /* Debug */ = {
			isa = XCBuildConfiguration;
			buildSettings = {
				ASSETCATALOG_COMPILER_APPICON_NAME = AppIcon;
				ASSETCATALOG_COMPILER_GLOBAL_ACCENT_COLOR_NAME = AccentColor;
				CODE_SIGN_STYLE = Automatic;
				CURRENT_PROJECT_VERSION = 1;
				DEVELOPMENT_TEAM = X395BM5WW7;
				GENERATE_INFOPLIST_FILE = YES;
				INFOPLIST_FILE = "Lawing-iOS/Global/Supporting Files/Info.plist";
				INFOPLIST_KEY_UIApplicationSupportsIndirectInputEvents = YES;
				INFOPLIST_KEY_UILaunchStoryboardName = LaunchScreen;
				INFOPLIST_KEY_UIMainStoryboardFile = Main;
				INFOPLIST_KEY_UISupportedInterfaceOrientations_iPad = "UIInterfaceOrientationPortrait UIInterfaceOrientationPortraitUpsideDown UIInterfaceOrientationLandscapeLeft UIInterfaceOrientationLandscapeRight";
				INFOPLIST_KEY_UISupportedInterfaceOrientations_iPhone = "UIInterfaceOrientationPortrait UIInterfaceOrientationLandscapeLeft UIInterfaceOrientationLandscapeRight";
				LD_RUNPATH_SEARCH_PATHS = (
					"$(inherited)",
					"@executable_path/Frameworks",
				);
				MARKETING_VERSION = 1.0;
				PRODUCT_BUNDLE_IDENTIFIER = "Hyerin.Lawing-iOS";
				PRODUCT_NAME = "$(TARGET_NAME)";
				SWIFT_EMIT_LOC_STRINGS = YES;
				SWIFT_VERSION = 5.0;
				TARGETED_DEVICE_FAMILY = "1,2";
			};
			name = Debug;
		};
		D0B882F22BEB645900633FD8 /* Release */ = {
			isa = XCBuildConfiguration;
			buildSettings = {
				ASSETCATALOG_COMPILER_APPICON_NAME = AppIcon;
				ASSETCATALOG_COMPILER_GLOBAL_ACCENT_COLOR_NAME = AccentColor;
				CODE_SIGN_STYLE = Automatic;
				CURRENT_PROJECT_VERSION = 1;
				DEVELOPMENT_TEAM = X395BM5WW7;
				GENERATE_INFOPLIST_FILE = YES;
				INFOPLIST_FILE = "Lawing-iOS/Global/Supporting Files/Info.plist";
				INFOPLIST_KEY_UIApplicationSupportsIndirectInputEvents = YES;
				INFOPLIST_KEY_UILaunchStoryboardName = LaunchScreen;
				INFOPLIST_KEY_UIMainStoryboardFile = Main;
				INFOPLIST_KEY_UISupportedInterfaceOrientations_iPad = "UIInterfaceOrientationPortrait UIInterfaceOrientationPortraitUpsideDown UIInterfaceOrientationLandscapeLeft UIInterfaceOrientationLandscapeRight";
				INFOPLIST_KEY_UISupportedInterfaceOrientations_iPhone = "UIInterfaceOrientationPortrait UIInterfaceOrientationLandscapeLeft UIInterfaceOrientationLandscapeRight";
				LD_RUNPATH_SEARCH_PATHS = (
					"$(inherited)",
					"@executable_path/Frameworks",
				);
				MARKETING_VERSION = 1.0;
				PRODUCT_BUNDLE_IDENTIFIER = "Hyerin.Lawing-iOS";
				PRODUCT_NAME = "$(TARGET_NAME)";
				SWIFT_EMIT_LOC_STRINGS = YES;
				SWIFT_VERSION = 5.0;
				TARGETED_DEVICE_FAMILY = "1,2";
			};
			name = Release;
		};
/* End XCBuildConfiguration section */

/* Begin XCConfigurationList section */
		D0B882D72BEB645700633FD8 /* Build configuration list for PBXProject "Lawing-iOS" */ = {
			isa = XCConfigurationList;
			buildConfigurations = (
				D0B882EE2BEB645900633FD8 /* Debug */,
				D0B882EF2BEB645900633FD8 /* Release */,
			);
			defaultConfigurationIsVisible = 0;
			defaultConfigurationName = Release;
		};
		D0B882F02BEB645900633FD8 /* Build configuration list for PBXNativeTarget "Lawing-iOS" */ = {
			isa = XCConfigurationList;
			buildConfigurations = (
				D0B882F12BEB645900633FD8 /* Debug */,
				D0B882F22BEB645900633FD8 /* Release */,
			);
			defaultConfigurationIsVisible = 0;
			defaultConfigurationName = Release;
		};
/* End XCConfigurationList section */

/* Begin XCRemoteSwiftPackageReference section */
		D0B882F32BEB6D3000633FD8 /* XCRemoteSwiftPackageReference "SnapKit" */ = {
			isa = XCRemoteSwiftPackageReference;
			repositoryURL = "https://github.com/SnapKit/SnapKit.git";
			requirement = {
				kind = upToNextMajorVersion;
				minimumVersion = 5.7.1;
			};
		};
		D0B882F62BEB6D3D00633FD8 /* XCRemoteSwiftPackageReference "Then" */ = {
			isa = XCRemoteSwiftPackageReference;
			repositoryURL = "https://github.com/devxoul/Then";
			requirement = {
				kind = upToNextMajorVersion;
				minimumVersion = 3.0.0;
			};
		};
		D0B882F92BEB6D4600633FD8 /* XCRemoteSwiftPackageReference "Kingfisher" */ = {
			isa = XCRemoteSwiftPackageReference;
			repositoryURL = "https://github.com/onevcat/Kingfisher.git";
			requirement = {
				kind = upToNextMajorVersion;
				minimumVersion = 7.11.0;
			};
		};
		D0B882FC2BEB6DB200633FD8 /* XCRemoteSwiftPackageReference "Moya" */ = {
			isa = XCRemoteSwiftPackageReference;
			repositoryURL = "https://github.com/Moya/Moya";
			requirement = {
				kind = upToNextMajorVersion;
				minimumVersion = 15.0.3;
			};
		};
/* End XCRemoteSwiftPackageReference section */

/* Begin XCSwiftPackageProductDependency section */
		D0B882F42BEB6D3100633FD8 /* SnapKit */ = {
			isa = XCSwiftPackageProductDependency;
			package = D0B882F32BEB6D3000633FD8 /* XCRemoteSwiftPackageReference "SnapKit" */;
			productName = SnapKit;
		};
		D0B882F72BEB6D3D00633FD8 /* Then */ = {
			isa = XCSwiftPackageProductDependency;
			package = D0B882F62BEB6D3D00633FD8 /* XCRemoteSwiftPackageReference "Then" */;
			productName = Then;
		};
		D0B882FA2BEB6D4600633FD8 /* Kingfisher */ = {
			isa = XCSwiftPackageProductDependency;
			package = D0B882F92BEB6D4600633FD8 /* XCRemoteSwiftPackageReference "Kingfisher" */;
			productName = Kingfisher;
		};
		D0B882FD2BEB6DB200633FD8 /* Moya */ = {
			isa = XCSwiftPackageProductDependency;
			package = D0B882FC2BEB6DB200633FD8 /* XCRemoteSwiftPackageReference "Moya" */;
			productName = Moya;
		};
/* End XCSwiftPackageProductDependency section */
	};
	rootObject = D0B882D42BEB645700633FD8 /* Project object */;
}
